{
  "version": 4,
  "terraform_version": "1.12.2",
  "serial": 20,
  "lineage": "1482ab05-fdc9-0a91-b309-a88053789c38",
  "outputs": {
    "ecs_cluster_name": {
      "value": "arn:aws:ecs:eu-west-2:344210435447:cluster/SpikePolars-cluster",
      "type": "string"
    },
    "ecs_task_definition_arn": {
      "value": "arn:aws:ecs:eu-west-2:344210435447:task-definition/SpikePolars-task:1",
      "type": "string"
    },
    "step_function_arn": {
      "value": "arn:aws:states:eu-west-2:344210435447:stateMachine:SpikePolars-ecs-task-runner-sfn",
      "type": "string"
    },
    "step_function_console_url": {
      "value": "https://eu-west-2.console.aws.amazon.com/states/home?region=eu-west-2#/statemachines/view/arn:aws:states:eu-west-2:344210435447:stateMachine:SpikePolars-ecs-task-runner-sfn",
      "type": "string"
    }
  },
  "resources": [
    {
      "mode": "data",
      "type": "aws_caller_identity",
      "name": "current",
      "provider": "provider[\"registry.terraform.io/hashicorp/aws\"]",
      "instances": [
        {
          "schema_version": 0,
          "attributes": {
            "account_id": "344210435447",
            "arn": "arn:aws:iam::344210435447:user/joe.mulvey@madetech.com",
            "id": "344210435447",
            "user_id": "AIDAVAJEKNV32ZYQX2OV6"
          },
          "sensitive_attributes": [],
          "identity_schema_version": 0
        }
      ]
    },
    {
      "mode": "data",
      "type": "aws_subnets",
      "name": "public",
      "provider": "provider[\"registry.terraform.io/hashicorp/aws\"]",
      "instances": [
        {
          "schema_version": 0,
          "attributes": {
            "filter": [
              {
                "name": "map-public-ip-on-launch",
                "values": [
                  "true"
                ]
              },
              {
                "name": "vpc-id",
                "values": [
                  "vpc-64f8d30c"
                ]
              }
            ],
            "id": "eu-west-2",
            "ids": [
              "subnet-3bb7ce41",
              "subnet-81fa75cd",
              "subnet-3eb08d57"
            ],
            "tags": null,
            "timeouts": null
          },
          "sensitive_attributes": [],
          "identity_schema_version": 0
        }
      ]
    },
    {
      "mode": "data",
      "type": "aws_vpc",
      "name": "default",
      "provider": "provider[\"registry.terraform.io/hashicorp/aws\"]",
      "instances": [
        {
          "schema_version": 0,
          "attributes": {
            "arn": "arn:aws:ec2:eu-west-2:344210435447:vpc/vpc-64f8d30c",
            "cidr_block": "172.31.0.0/16",
            "cidr_block_associations": [
              {
                "association_id": "vpc-cidr-assoc-0741436f",
                "cidr_block": "172.31.0.0/16",
                "state": "associated"
              }
            ],
            "default": true,
            "dhcp_options_id": "dopt-dc292bb4",
            "enable_dns_hostnames": true,
            "enable_dns_support": true,
            "enable_network_address_usage_metrics": false,
            "filter": null,
            "id": "vpc-64f8d30c",
            "instance_tenancy": "default",
            "ipv6_association_id": "",
            "ipv6_cidr_block": "",
            "main_route_table_id": "rtb-aa47a3c1",
            "owner_id": "344210435447",
            "state": null,
            "tags": {},
            "timeouts": null
          },
          "sensitive_attributes": [],
          "identity_schema_version": 0
        }
      ]
    },
    {
      "mode": "managed",
      "type": "aws_cloudwatch_log_group",
      "name": "ecs_task_log_group",
      "provider": "provider[\"registry.terraform.io/hashicorp/aws\"]",
      "instances": [
        {
          "schema_version": 0,
          "attributes": {
            "arn": "arn:aws:logs:eu-west-2:344210435447:log-group:/ecs/SpikePolars-task-logs",
            "id": "/ecs/SpikePolars-task-logs",
            "kms_key_id": "",
            "log_group_class": "STANDARD",
            "name": "/ecs/SpikePolars-task-logs",
            "name_prefix": "",
            "retention_in_days": 7,
            "skip_destroy": false,
            "tags": {},
            "tags_all": {
              "CreatedBy": "MadeTech",
              "CreatedWith": "Terraform",
              "Environment": "Demo",
              "Project": "SpikePolars"
            }
          },
          "sensitive_attributes": [],
          "identity_schema_version": 0,
          "private": "bnVsbA=="
        }
      ]
    },
    {
      "mode": "managed",
      "type": "aws_ecs_cluster",
      "name": "spike_polars_cluster",
      "provider": "provider[\"registry.terraform.io/hashicorp/aws\"]",
      "instances": [
        {
          "schema_version": 0,
          "attributes": {
            "arn": "arn:aws:ecs:eu-west-2:344210435447:cluster/SpikePolars-cluster",
            "configuration": [],
            "id": "arn:aws:ecs:eu-west-2:344210435447:cluster/SpikePolars-cluster",
            "name": "SpikePolars-cluster",
            "service_connect_defaults": [],
            "setting": [
              {
                "name": "containerInsights",
                "value": "enabled"
              }
            ],
            "tags": {},
            "tags_all": {
              "CreatedBy": "MadeTech",
              "CreatedWith": "Terraform",
              "Environment": "Demo",
              "Project": "SpikePolars"
            }
          },
          "sensitive_attributes": [],
          "identity_schema_version": 0,
          "private": "bnVsbA=="
        }
      ]
    },
    {
      "mode": "managed",
      "type": "aws_ecs_task_definition",
      "name": "spike_polars_task_definition",
      "provider": "provider[\"registry.terraform.io/hashicorp/aws\"]",
      "instances": [
        {
          "schema_version": 1,
          "attributes": {
            "arn": "arn:aws:ecs:eu-west-2:344210435447:task-definition/SpikePolars-task:1",
            "arn_without_revision": "arn:aws:ecs:eu-west-2:344210435447:task-definition/SpikePolars-task",
            "container_definitions": "[{\"cpu\":4096,\"environment\":[{\"name\":\"DATA_BUCKET\",\"value\":\"spike-polars-data\"},{\"name\":\"DATA_DESTINATION_PREFIX\",\"value\":\"destination\"}],\"essential\":true,\"image\":\"344210435447.dkr.ecr.eu-west-2.amazonaws.com/spike/spikepolars:latest\",\"logConfiguration\":{\"logDriver\":\"awslogs\",\"options\":{\"awslogs-group\":\"/ecs/SpikePolars-task-logs\",\"awslogs-region\":\"eu-west-2\",\"awslogs-stream-prefix\":\"ecs\"}},\"memory\":16384,\"mountPoints\":[],\"name\":\"SpikePolars-container\",\"portMappings\":[],\"systemControls\":[],\"volumesFrom\":[]}]",
            "cpu": "4096",
            "enable_fault_injection": false,
            "ephemeral_storage": [],
            "execution_role_arn": "arn:aws:iam::344210435447:role/SpikePolars-ecs-exec-role-20250724091006890000000003",
            "family": "SpikePolars-task",
            "id": "SpikePolars-task",
            "inference_accelerator": [],
            "ipc_mode": "",
            "memory": "16384",
            "network_mode": "awsvpc",
            "pid_mode": "",
            "placement_constraints": [],
            "proxy_configuration": [],
            "requires_compatibilities": [
              "FARGATE"
            ],
            "revision": 1,
            "runtime_platform": [
              {
                "cpu_architecture": "X86_64",
                "operating_system_family": "LINUX"
              }
            ],
            "skip_destroy": false,
            "tags": {},
            "tags_all": {
              "CreatedBy": "MadeTech",
              "CreatedWith": "Terraform",
              "Environment": "Demo",
              "Project": "SpikePolars"
            },
            "task_role_arn": "arn:aws:iam::344210435447:role/SpikePolars-ecs-role-20250724091006889900000001",
            "track_latest": false,
            "volume": []
          },
          "sensitive_attributes": [],
          "identity_schema_version": 0,
          "private": "eyJzY2hlbWFfdmVyc2lvbiI6IjEifQ==",
          "dependencies": [
            "aws_cloudwatch_log_group.ecs_task_log_group",
            "aws_iam_role.ecs_task_execution_role",
            "aws_iam_role.ecs_task_role",
            "data.aws_caller_identity.current"
          ]
        }
      ]
    },
    {
      "mode": "managed",
      "type": "aws_iam_policy",
      "name": "sfn_ecs_policy",
      "provider": "provider[\"registry.terraform.io/hashicorp/aws\"]",
      "instances": [
        {
          "schema_version": 0,
          "attributes": {
            "arn": "arn:aws:iam::344210435447:policy/SpikePolars-sfn-ecs-policy-20250724091018375200000007",
            "attachment_count": 1,
            "description": "",
            "id": "arn:aws:iam::344210435447:policy/SpikePolars-sfn-ecs-policy-20250724091018375200000007",
            "name": "SpikePolars-sfn-ecs-policy-20250724091018375200000007",
            "name_prefix": "SpikePolars-sfn-ecs-policy-",
            "path": "/",
            "policy": "{\"Statement\":[{\"Action\":[\"ecs:RunTask\"],\"Effect\":\"Allow\",\"Resource\":[\"arn:aws:ecs:eu-west-2:344210435447:task-definition/SpikePolars-task:1\",\"arn:aws:ecs:eu-west-2:344210435447:cluster/SpikePolars-cluster\"]},{\"Action\":\"iam:PassRole\",\"Condition\":{\"StringLike\":{\"iam:PassedToService\":[\"ecs-tasks.amazonaws.com\",\"events.amazonaws.com\"]}},\"Effect\":\"Allow\",\"Resource\":[\"arn:aws:iam::344210435447:role/SpikePolars-ecs-exec-role-20250724091006890000000003\",\"arn:aws:iam::344210435447:role/SpikePolars-ecs-role-20250724091006889900000001\"]},{\"Action\":[\"events:PutTargets\",\"events:PutRule\",\"events:DescribeRule\"],\"Effect\":\"Allow\",\"Resource\":[\"arn:aws:events:eu-west-2:344210435447:rule/*\"]},{\"Action\":[\"states:StartExecution\",\"states:StopExecution\",\"states:DescribeExecution\",\"states:ListExecutions\"],\"Effect\":\"Allow\",\"Resource\":[\"*\"]},{\"Action\":[\"logs:CreateLogGroup\",\"logs:CreateLogStream\",\"logs:PutLogEvents\"],\"Effect\":\"Allow\",\"Resource\":\"arn:aws:logs:eu-west-2:344210435447:log-group:/aws/stepfunctions/*\"}],\"Version\":\"2012-10-17\"}",
            "policy_id": "ANPAVAJEKNV35AALS2YS2",
            "tags": {},
            "tags_all": {
              "CreatedBy": "MadeTech",
              "CreatedWith": "Terraform",
              "Environment": "Demo",
              "Project": "SpikePolars"
            }
          },
          "sensitive_attributes": [],
          "identity_schema_version": 0,
          "private": "bnVsbA==",
          "dependencies": [
            "aws_cloudwatch_log_group.ecs_task_log_group",
            "aws_ecs_cluster.spike_polars_cluster",
            "aws_ecs_task_definition.spike_polars_task_definition",
            "aws_iam_role.ecs_task_execution_role",
            "aws_iam_role.ecs_task_role",
            "data.aws_caller_identity.current"
          ]
        }
      ]
    },
    {
      "mode": "managed",
      "type": "aws_iam_role",
      "name": "ecs_task_execution_role",
      "provider": "provider[\"registry.terraform.io/hashicorp/aws\"]",
      "instances": [
        {
          "schema_version": 0,
          "attributes": {
            "arn": "arn:aws:iam::344210435447:role/SpikePolars-ecs-exec-role-20250724091006890000000003",
            "assume_role_policy": "{\"Statement\":[{\"Action\":\"sts:AssumeRole\",\"Effect\":\"Allow\",\"Principal\":{\"Service\":\"ecs-tasks.amazonaws.com\"}}],\"Version\":\"2012-10-17\"}",
            "create_date": "2025-07-24T09:10:07Z",
            "description": "",
            "force_detach_policies": false,
            "id": "SpikePolars-ecs-exec-role-20250724091006890000000003",
            "inline_policy": [],
            "managed_policy_arns": [
              "arn:aws:iam::aws:policy/service-role/AmazonECSTaskExecutionRolePolicy"
            ],
            "max_session_duration": 3600,
            "name": "SpikePolars-ecs-exec-role-20250724091006890000000003",
            "name_prefix": "SpikePolars-ecs-exec-role-",
            "path": "/",
            "permissions_boundary": "",
            "tags": {},
            "tags_all": {
              "CreatedBy": "MadeTech",
              "CreatedWith": "Terraform",
              "Environment": "Demo",
              "Project": "SpikePolars"
            },
            "unique_id": "AROAVAJEKNV344GVFV6QH"
          },
          "sensitive_attributes": [],
          "identity_schema_version": 0,
          "private": "bnVsbA=="
        }
      ]
    },
    {
      "mode": "managed",
      "type": "aws_iam_role",
      "name": "ecs_task_role",
      "provider": "provider[\"registry.terraform.io/hashicorp/aws\"]",
      "instances": [
        {
          "schema_version": 0,
          "attributes": {
            "arn": "arn:aws:iam::344210435447:role/SpikePolars-ecs-role-20250724091006889900000001",
            "assume_role_policy": "{\"Statement\":[{\"Action\":\"sts:AssumeRole\",\"Effect\":\"Allow\",\"Principal\":{\"Service\":\"ecs-tasks.amazonaws.com\"}}],\"Version\":\"2012-10-17\"}",
            "create_date": "2025-07-24T09:10:07Z",
            "description": "",
            "force_detach_policies": false,
            "id": "SpikePolars-ecs-role-20250724091006889900000001",
            "inline_policy": [],
            "managed_policy_arns": [
              "arn:aws:iam::aws:policy/AmazonS3FullAccess"
            ],
            "max_session_duration": 3600,
            "name": "SpikePolars-ecs-role-20250724091006889900000001",
            "name_prefix": "SpikePolars-ecs-role-",
            "path": "/",
            "permissions_boundary": "",
            "tags": {},
            "tags_all": {
              "CreatedBy": "MadeTech",
              "CreatedWith": "Terraform",
              "Environment": "Demo",
              "Project": "SpikePolars"
            },
            "unique_id": "AROAVAJEKNV37E6OXBBMW"
          },
          "sensitive_attributes": [],
          "identity_schema_version": 0,
          "private": "bnVsbA=="
        }
      ]
    },
    {
      "mode": "managed",
      "type": "aws_iam_role",
      "name": "sfn_execution_role",
      "provider": "provider[\"registry.terraform.io/hashicorp/aws\"]",
      "instances": [
        {
          "schema_version": 0,
          "attributes": {
            "arn": "arn:aws:iam::344210435447:role/SpikePolars-sfn-exec-role-20250724091006889900000002",
            "assume_role_policy": "{\"Statement\":[{\"Action\":\"sts:AssumeRole\",\"Effect\":\"Allow\",\"Principal\":{\"Service\":\"states.eu-west-2.amazonaws.com\"}}],\"Version\":\"2012-10-17\"}",
            "create_date": "2025-07-24T09:10:07Z",
            "description": "",
            "force_detach_policies": false,
            "id": "SpikePolars-sfn-exec-role-20250724091006889900000002",
            "inline_policy": [],
            "managed_policy_arns": [
              "arn:aws:iam::344210435447:policy/SpikePolars-sfn-ecs-policy-20250724091018375200000007"
            ],
            "max_session_duration": 3600,
            "name": "SpikePolars-sfn-exec-role-20250724091006889900000002",
            "name_prefix": "SpikePolars-sfn-exec-role-",
            "path": "/",
            "permissions_boundary": "",
            "tags": {},
            "tags_all": {
              "CreatedBy": "MadeTech",
              "CreatedWith": "Terraform",
              "Environment": "Demo",
              "Project": "SpikePolars"
            },
            "unique_id": "AROAVAJEKNV337TBIDVHI"
          },
          "sensitive_attributes": [],
          "identity_schema_version": 0,
          "private": "bnVsbA=="
        }
      ]
    },
    {
      "mode": "managed",
      "type": "aws_iam_role_policy_attachment",
      "name": "ecs_task_execution_role_policy",
      "provider": "provider[\"registry.terraform.io/hashicorp/aws\"]",
      "instances": [
        {
          "schema_version": 0,
          "attributes": {
            "id": "SpikePolars-ecs-exec-role-20250724091006890000000003-20250724091007984200000005",
            "policy_arn": "arn:aws:iam::aws:policy/service-role/AmazonECSTaskExecutionRolePolicy",
            "role": "SpikePolars-ecs-exec-role-20250724091006890000000003"
          },
          "sensitive_attributes": [],
          "identity_schema_version": 0,
          "private": "bnVsbA==",
          "dependencies": [
            "aws_iam_role.ecs_task_execution_role"
          ]
        }
      ]
    },
    {
      "mode": "managed",
      "type": "aws_iam_role_policy_attachment",
      "name": "ecs_task_role_policy",
      "provider": "provider[\"registry.terraform.io/hashicorp/aws\"]",
      "instances": [
        {
          "schema_version": 0,
          "attributes": {
            "id": "SpikePolars-ecs-role-20250724091006889900000001-20250724091008186800000006",
            "policy_arn": "arn:aws:iam::aws:policy/AmazonS3FullAccess",
            "role": "SpikePolars-ecs-role-20250724091006889900000001"
          },
          "sensitive_attributes": [],
          "identity_schema_version": 0,
          "private": "bnVsbA==",
          "dependencies": [
            "aws_iam_role.ecs_task_role"
          ]
        }
      ]
    },
    {
      "mode": "managed",
      "type": "aws_iam_role_policy_attachment",
      "name": "sfn_ecs_policy_attachment",
      "provider": "provider[\"registry.terraform.io/hashicorp/aws\"]",
      "instances": [
        {
          "schema_version": 0,
          "attributes": {
            "id": "SpikePolars-sfn-exec-role-20250724091006889900000002-20250724091018975200000008",
            "policy_arn": "arn:aws:iam::344210435447:policy/SpikePolars-sfn-ecs-policy-20250724091018375200000007",
            "role": "SpikePolars-sfn-exec-role-20250724091006889900000002"
          },
          "sensitive_attributes": [],
          "identity_schema_version": 0,
          "private": "bnVsbA==",
          "dependencies": [
            "aws_cloudwatch_log_group.ecs_task_log_group",
            "aws_ecs_cluster.spike_polars_cluster",
            "aws_ecs_task_definition.spike_polars_task_definition",
            "aws_iam_policy.sfn_ecs_policy",
            "aws_iam_role.ecs_task_execution_role",
            "aws_iam_role.ecs_task_role",
            "aws_iam_role.sfn_execution_role",
            "data.aws_caller_identity.current"
          ]
        }
      ]
    },
    {
      "mode": "managed",
      "type": "aws_security_group",
      "name": "ecs_task_sg",
      "provider": "provider[\"registry.terraform.io/hashicorp/aws\"]",
      "instances": [
        {
          "schema_version": 1,
          "attributes": {
            "arn": "arn:aws:ec2:eu-west-2:344210435447:security-group/sg-0efe22c69cf6a2956",
            "description": "Security group for ECS tasks",
            "egress": [
              {
                "cidr_blocks": [
                  "0.0.0.0/0"
                ],
                "description": "",
                "from_port": 0,
                "ipv6_cidr_blocks": [],
                "prefix_list_ids": [],
                "protocol": "-1",
                "security_groups": [],
                "self": false,
                "to_port": 0
              }
            ],
            "id": "sg-0efe22c69cf6a2956",
            "ingress": [],
            "name": "SpikePolars-ecs-sg-20250724091006890700000004",
            "name_prefix": "SpikePolars-ecs-sg-",
            "owner_id": "344210435447",
            "revoke_rules_on_delete": false,
            "tags": {},
            "tags_all": {
              "CreatedBy": "MadeTech",
              "CreatedWith": "Terraform",
              "Environment": "Demo",
              "Project": "SpikePolars"
            },
            "timeouts": null,
            "vpc_id": "vpc-64f8d30c"
          },
          "sensitive_attributes": [],
          "identity_schema_version": 0,
          "private": "eyJlMmJmYjczMC1lY2FhLTExZTYtOGY4OC0zNDM2M2JjN2M0YzAiOnsiY3JlYXRlIjo2MDAwMDAwMDAwMDAsImRlbGV0ZSI6OTAwMDAwMDAwMDAwfSwic2NoZW1hX3ZlcnNpb24iOiIxIn0=",
          "dependencies": [
            "data.aws_vpc.default"
          ]
        }
      ]
    },
    {
      "mode": "managed",
      "type": "aws_sfn_state_machine",
      "name": "spike_polars_step_function",
      "provider": "provider[\"registry.terraform.io/hashicorp/aws\"]",
      "instances": [
        {
          "schema_version": 0,
          "attributes": {
            "arn": "arn:aws:states:eu-west-2:344210435447:stateMachine:SpikePolars-ecs-task-runner-sfn",
            "creation_date": "2025-07-24T10:38:59Z",
            "definition": "{\"Comment\":\"Runs a simple ECS Fargate task and waits for it to complete.\",\"StartAt\":\"RunSpikePolarsECS\",\"States\":{\"RunSpikePolarsECS\":{\"End\":true,\"Parameters\":{\"Cluster\":\"arn:aws:ecs:eu-west-2:344210435447:cluster/SpikePolars-cluster\",\"LaunchType\":\"FARGATE\",\"NetworkConfiguration\":{\"AwsvpcConfiguration\":{\"AssignPublicIp\":\"ENABLED\",\"SecurityGroups\":[\"sg-0efe22c69cf6a2956\"],\"Subnets\":[\"subnet-3bb7ce41\",\"subnet-81fa75cd\",\"subnet-3eb08d57\"]}},\"TaskDefinition\":\"arn:aws:ecs:eu-west-2:344210435447:task-definition/SpikePolars-task:1\"},\"Resource\":\"arn:aws:states:::ecs:runTask.sync\",\"Type\":\"Task\"}}}",
            "description": "",
            "encryption_configuration": [
              {
                "kms_data_key_reuse_period_seconds": 0,
                "kms_key_id": "",
                "type": "AWS_OWNED_KEY"
              }
            ],
            "id": "arn:aws:states:eu-west-2:344210435447:stateMachine:SpikePolars-ecs-task-runner-sfn",
            "logging_configuration": [
              {
                "include_execution_data": false,
                "level": "OFF",
                "log_destination": ""
              }
            ],
            "name": "SpikePolars-ecs-task-runner-sfn",
            "name_prefix": "",
            "publish": false,
            "revision_id": "",
            "role_arn": "arn:aws:iam::344210435447:role/SpikePolars-sfn-exec-role-20250724091006889900000002",
            "state_machine_version_arn": "",
            "status": "ACTIVE",
            "tags": null,
            "tags_all": {
              "CreatedBy": "MadeTech",
              "CreatedWith": "Terraform",
              "Environment": "Demo",
              "Project": "SpikePolars"
            },
            "timeouts": null,
            "tracing_configuration": [
              {
                "enabled": false
              }
            ],
            "type": "STANDARD",
            "version_description": null
          },
          "sensitive_attributes": [],
          "identity_schema_version": 0,
          "private": "eyJlMmJmYjczMC1lY2FhLTExZTYtOGY4OC0zNDM2M2JjN2M0YzAiOnsiY3JlYXRlIjozMDAwMDAwMDAwMDAsImRlbGV0ZSI6MzAwMDAwMDAwMDAwLCJ1cGRhdGUiOjYwMDAwMDAwMDAwfX0=",
          "dependencies": [
            "aws_cloudwatch_log_group.ecs_task_log_group",
            "aws_ecs_cluster.spike_polars_cluster",
            "aws_ecs_task_definition.spike_polars_task_definition",
            "aws_iam_role.ecs_task_execution_role",
            "aws_iam_role.ecs_task_role",
            "aws_iam_role.sfn_execution_role",
            "aws_security_group.ecs_task_sg",
            "data.aws_caller_identity.current",
            "data.aws_subnets.public",
            "data.aws_vpc.default"
          ]
        }
      ]
    }
  ],
  "check_results": null
}
